
Microsoft Visual Studio Solution File, Format Version 12.00
# Visual Studio Version 16
VisualStudioVersion = 16.0.30204.135
MinimumVisualStudioVersion = 10.0.40219.1
Project("{9A19103F-16F7-4668-BE54-9A1E7A4F7556}") = "Inventary", "Inventary\Inventary.csproj", "{19ACB22A-FEAD-4F92-AB10-712E4017BE0D}"
EndProject
Project("{FAE04EC0-301F-11D3-BF4B-00C04F79EFBC}") = "Entities", "Entities\Entities.csproj", "{4AE2AEDB-2CF5-4858-AD5C-DD4D915D8DD9}"
EndProject
Global
	GlobalSection(SolutionConfigurationPlatforms) = preSolution
		Debug|Any CPU = Debug|Any CPU
		Release|Any CPU = Release|Any CPU
	EndGlobalSection
	GlobalSection(ProjectConfigurationPlatforms) = postSolution
		{19ACB22A-FEAD-4F92-AB10-712E4017BE0D}.Debug|Any CPU.ActiveCfg = Debug|Any CPU
		{19ACB22A-FEAD-4F92-AB10-712E4017BE0D}.Debug|Any CPU.Build.0 = Debug|Any CPU
		{19ACB22A-FEAD-4F92-AB10-712E4017BE0D}.Release|Any CPU.ActiveCfg = Release|Any CPU
		{19ACB22A-FEAD-4F92-AB10-712E4017BE0D}.Release|Any CPU.Build.0 = Release|Any CPU
		{4AE2AEDB-2CF5-4858-AD5C-DD4D915D8DD9}.Debug|Any CPU.ActiveCfg = Debug|Any CPU
		{4AE2AEDB-2CF5-4858-AD5C-DD4D915D8DD9}.Debug|Any CPU.Build.0 = Debug|Any CPU
		{4AE2AEDB-2CF5-4858-AD5C-DD4D915D8DD9}.Release|Any CPU.ActiveCfg = Release|Any CPU
		{4AE2AEDB-2CF5-4858-AD5C-DD4D915D8DD9}.Release|Any CPU.Build.0 = Release|Any CPU
	EndGlobalSection
	GlobalSection(SolutionProperties) = preSolution
		HideSolutionNode = FALSE
	EndGlobalSection
	GlobalSection(ExtensibilityGlobals) = postSolution
		SolutionGuid = {E5BF53BB-0D25-4DFE-A2BB-B4F96C71E8BD}
	EndGlobalSection
EndGlobal
